// !$*UTF8*$!
{
	archiveVersion = 1;
	classes = {
	};
	objectVersion = 51;
	objects = {

/* Begin PBXBuildFile section */
		BD1A17E826C695E400C8738E /* GoogleService-Info.plist in Resources */ = {isa = PBXBuildFile; fileRef = BD1A17E726C695E400C8738E /* GoogleService-Info.plist */; };
		BD1A17EA26C6B02C00C8738E /* ModelFirebase.swift in Sources */ = {isa = PBXBuildFile; fileRef = BD1A17E926C6B02C00C8738E /* ModelFirebase.swift */; };
		BD2ED76826CD4E090076148F /* ExistingListCell.swift in Sources */ = {isa = PBXBuildFile; fileRef = BD2ED76726CD4E080076148F /* ExistingListCell.swift */; };
		BD2ED76A26CD7EE10076148F /* UpdateUIDelegate.swift in Sources */ = {isa = PBXBuildFile; fileRef = BD2ED76926CD7EE00076148F /* UpdateUIDelegate.swift */; };
		BD420CD126CCE4C700AA9BA0 /* RecordsList+CoreDataProperties.swift in Sources */ = {isa = PBXBuildFile; fileRef = BD420CD026CCE4C700AA9BA0 /* RecordsList+CoreDataProperties.swift */; };
		BD45A6D126CA66C6000C7794 /* ImagePickerDelegate.swift in Sources */ = {isa = PBXBuildFile; fileRef = BD45A6D026CA66C6000C7794 /* ImagePickerDelegate.swift */; };
		BD45A6D526CBF26C000C7794 /* ImageAlertViewController.swift in Sources */ = {isa = PBXBuildFile; fileRef = BD45A6D426CBF263000C7794 /* ImageAlertViewController.swift */; };
		BD45A6D726CC279F000C7794 /* SignInViewController.swift in Sources */ = {isa = PBXBuildFile; fileRef = BD45A6D626CC279F000C7794 /* SignInViewController.swift */; };
		BD45A6D926CC2AA5000C7794 /* User.swift in Sources */ = {isa = PBXBuildFile; fileRef = BD45A6D826CC2AA5000C7794 /* User.swift */; };
		BD567D7D26C2DDC500082043 /* CheckedRecordCell.swift in Sources */ = {isa = PBXBuildFile; fileRef = BD567D7C26C2DDC500082043 /* CheckedRecordCell.swift */; };
		BD567D8326C59D1B00082043 /* RecordsList+CoreDataClass.swift in Sources */ = {isa = PBXBuildFile; fileRef = BD567D8126C59D1B00082043 /* RecordsList+CoreDataClass.swift */; };
		BD9B00E026BF049300453AB2 /* CheckedRecord.swift in Sources */ = {isa = PBXBuildFile; fileRef = BD9B00DF26BF049300453AB2 /* CheckedRecord.swift */; };
		BD9B00E226BF0D8600453AB2 /* RecordsListViewController.swift in Sources */ = {isa = PBXBuildFile; fileRef = BD9B00E126BF0D8600453AB2 /* RecordsListViewController.swift */; };
		BDCBFC4C26B44BE500EA3241 /* AppDelegate.swift in Sources */ = {isa = PBXBuildFile; fileRef = BDCBFC4B26B44BE500EA3241 /* AppDelegate.swift */; };
		BDCBFC4E26B44BE500EA3241 /* SceneDelegate.swift in Sources */ = {isa = PBXBuildFile; fileRef = BDCBFC4D26B44BE500EA3241 /* SceneDelegate.swift */; };
		BDCBFC5026B44BE500EA3241 /* ViewController.swift in Sources */ = {isa = PBXBuildFile; fileRef = BDCBFC4F26B44BE500EA3241 /* ViewController.swift */; };
		BDCBFC5326B44BE500EA3241 /* Main.storyboard in Resources */ = {isa = PBXBuildFile; fileRef = BDCBFC5126B44BE500EA3241 /* Main.storyboard */; };
		BDCBFC5626B44BE500EA3241 /* Listener.xcdatamodeld in Sources */ = {isa = PBXBuildFile; fileRef = BDCBFC5426B44BE500EA3241 /* Listener.xcdatamodeld */; };
		BDCBFC5826B44BE900EA3241 /* Assets.xcassets in Resources */ = {isa = PBXBuildFile; fileRef = BDCBFC5726B44BE900EA3241 /* Assets.xcassets */; };
		BDCBFC5B26B44BE900EA3241 /* LaunchScreen.storyboard in Resources */ = {isa = PBXBuildFile; fileRef = BDCBFC5926B44BE900EA3241 /* LaunchScreen.storyboard */; };
		BDF7C50926BB0A2200E3DE1E /* PreviewsViewController.swift in Sources */ = {isa = PBXBuildFile; fileRef = BDF7C50826BB0A2200E3DE1E /* PreviewsViewController.swift */; };
		BDF7C50B26BC105700E3DE1E /* ListPreviewCell.swift in Sources */ = {isa = PBXBuildFile; fileRef = BDF7C50A26BC105700E3DE1E /* ListPreviewCell.swift */; };
		BDF7C50D26BD49A200E3DE1E /* ListAdditionViewController.swift in Sources */ = {isa = PBXBuildFile; fileRef = BDF7C50C26BD49A200E3DE1E /* ListAdditionViewController.swift */; };
		BDF7C50F26BD6D4900E3DE1E /* Model.swift in Sources */ = {isa = PBXBuildFile; fileRef = BDF7C50E26BD6D4900E3DE1E /* Model.swift */; };
		BDF7C51126BD776000E3DE1E /* LoginViewController.swift in Sources */ = {isa = PBXBuildFile; fileRef = BDF7C51026BD776000E3DE1E /* LoginViewController.swift */; };
		E818023D3FB5B20878FB30FA /* Pods_Listener.framework in Frameworks */ = {isa = PBXBuildFile; fileRef = CF19DEB47DEE685644CE4D9F /* Pods_Listener.framework */; };
/* End PBXBuildFile section */

/* Begin PBXFileReference section */
		8423ED0E33B24120F8BB7216 /* Pods-Listener.debug.xcconfig */ = {isa = PBXFileReference; includeInIndex = 1; lastKnownFileType = text.xcconfig; name = "Pods-Listener.debug.xcconfig"; path = "Target Support Files/Pods-Listener/Pods-Listener.debug.xcconfig"; sourceTree = "<group>"; };
		BD1A17E726C695E400C8738E /* GoogleService-Info.plist */ = {isa = PBXFileReference; fileEncoding = 4; lastKnownFileType = text.plist.xml; name = "GoogleService-Info.plist"; path = "../../../../Downloads/GoogleService-Info.plist"; sourceTree = "<group>"; };
		BD1A17E926C6B02C00C8738E /* ModelFirebase.swift */ = {isa = PBXFileReference; lastKnownFileType = sourcecode.swift; path = ModelFirebase.swift; sourceTree = "<group>"; };
		BD2ED76726CD4E080076148F /* ExistingListCell.swift */ = {isa = PBXFileReference; lastKnownFileType = sourcecode.swift; path = ExistingListCell.swift; sourceTree = "<group>"; };
		BD2ED76926CD7EE00076148F /* UpdateUIDelegate.swift */ = {isa = PBXFileReference; lastKnownFileType = sourcecode.swift; path = UpdateUIDelegate.swift; sourceTree = "<group>"; };
		BD420CD026CCE4C700AA9BA0 /* RecordsList+CoreDataProperties.swift */ = {isa = PBXFileReference; lastKnownFileType = sourcecode.swift; name = "RecordsList+CoreDataProperties.swift"; path = "../../RecordsList+CoreDataProperties.swift"; sourceTree = "<group>"; };
		BD45A6D026CA66C6000C7794 /* ImagePickerDelegate.swift */ = {isa = PBXFileReference; lastKnownFileType = sourcecode.swift; path = ImagePickerDelegate.swift; sourceTree = "<group>"; };
		BD45A6D426CBF263000C7794 /* ImageAlertViewController.swift */ = {isa = PBXFileReference; lastKnownFileType = sourcecode.swift; path = ImageAlertViewController.swift; sourceTree = "<group>"; };
		BD45A6D626CC279F000C7794 /* SignInViewController.swift */ = {isa = PBXFileReference; lastKnownFileType = sourcecode.swift; path = SignInViewController.swift; sourceTree = "<group>"; };
		BD45A6D826CC2AA5000C7794 /* User.swift */ = {isa = PBXFileReference; lastKnownFileType = sourcecode.swift; path = User.swift; sourceTree = "<group>"; };
		BD567D7C26C2DDC500082043 /* CheckedRecordCell.swift */ = {isa = PBXFileReference; lastKnownFileType = sourcecode.swift; path = CheckedRecordCell.swift; sourceTree = "<group>"; };
		BD567D8126C59D1B00082043 /* RecordsList+CoreDataClass.swift */ = {isa = PBXFileReference; lastKnownFileType = sourcecode.swift; path = "RecordsList+CoreDataClass.swift"; sourceTree = SOURCE_ROOT; };
		BD9B00DF26BF049300453AB2 /* CheckedRecord.swift */ = {isa = PBXFileReference; lastKnownFileType = sourcecode.swift; path = CheckedRecord.swift; sourceTree = "<group>"; };
		BD9B00E126BF0D8600453AB2 /* RecordsListViewController.swift */ = {isa = PBXFileReference; lastKnownFileType = sourcecode.swift; path = RecordsListViewController.swift; sourceTree = "<group>"; };
		BDCBFC4826B44BE500EA3241 /* Listener.app */ = {isa = PBXFileReference; explicitFileType = wrapper.application; includeInIndex = 0; path = Listener.app; sourceTree = BUILT_PRODUCTS_DIR; };
		BDCBFC4B26B44BE500EA3241 /* AppDelegate.swift */ = {isa = PBXFileReference; lastKnownFileType = sourcecode.swift; path = AppDelegate.swift; sourceTree = "<group>"; };
		BDCBFC4D26B44BE500EA3241 /* SceneDelegate.swift */ = {isa = PBXFileReference; lastKnownFileType = sourcecode.swift; path = SceneDelegate.swift; sourceTree = "<group>"; };
		BDCBFC4F26B44BE500EA3241 /* ViewController.swift */ = {isa = PBXFileReference; lastKnownFileType = sourcecode.swift; path = ViewController.swift; sourceTree = "<group>"; };
		BDCBFC5226B44BE500EA3241 /* Base */ = {isa = PBXFileReference; lastKnownFileType = file.storyboard; name = Base; path = Base.lproj/Main.storyboard; sourceTree = "<group>"; };
		BDCBFC5526B44BE500EA3241 /* Listener.xcdatamodel */ = {isa = PBXFileReference; lastKnownFileType = wrapper.xcdatamodel; path = Listener.xcdatamodel; sourceTree = "<group>"; };
		BDCBFC5726B44BE900EA3241 /* Assets.xcassets */ = {isa = PBXFileReference; lastKnownFileType = folder.assetcatalog; name = Assets.xcassets; path = Listener/Assets.xcassets; sourceTree = SOURCE_ROOT; };
		BDCBFC5A26B44BE900EA3241 /* Base */ = {isa = PBXFileReference; lastKnownFileType = file.storyboard; name = Base; path = Base.lproj/LaunchScreen.storyboard; sourceTree = "<group>"; };
		BDCBFC5C26B44BE900EA3241 /* Info.plist */ = {isa = PBXFileReference; lastKnownFileType = text.plist.xml; path = Info.plist; sourceTree = "<group>"; };
		BDF7C50826BB0A2200E3DE1E /* PreviewsViewController.swift */ = {isa = PBXFileReference; lastKnownFileType = sourcecode.swift; path = PreviewsViewController.swift; sourceTree = "<group>"; };
		BDF7C50A26BC105700E3DE1E /* ListPreviewCell.swift */ = {isa = PBXFileReference; lastKnownFileType = sourcecode.swift; path = ListPreviewCell.swift; sourceTree = "<group>"; };
		BDF7C50C26BD49A200E3DE1E /* ListAdditionViewController.swift */ = {isa = PBXFileReference; lastKnownFileType = sourcecode.swift; path = ListAdditionViewController.swift; sourceTree = "<group>"; };
		BDF7C50E26BD6D4900E3DE1E /* Model.swift */ = {isa = PBXFileReference; lastKnownFileType = sourcecode.swift; path = Model.swift; sourceTree = "<group>"; };
		BDF7C51026BD776000E3DE1E /* LoginViewController.swift */ = {isa = PBXFileReference; lastKnownFileType = sourcecode.swift; path = LoginViewController.swift; sourceTree = "<group>"; };
		CF19DEB47DEE685644CE4D9F /* Pods_Listener.framework */ = {isa = PBXFileReference; explicitFileType = wrapper.framework; includeInIndex = 0; path = Pods_Listener.framework; sourceTree = BUILT_PRODUCTS_DIR; };
		FD172A5B935760A8AD66FA1C /* Pods-Listener.release.xcconfig */ = {isa = PBXFileReference; includeInIndex = 1; lastKnownFileType = text.xcconfig; name = "Pods-Listener.release.xcconfig"; path = "Target Support Files/Pods-Listener/Pods-Listener.release.xcconfig"; sourceTree = "<group>"; };
/* End PBXFileReference section */

/* Begin PBXFrameworksBuildPhase section */
		BDCBFC4526B44BE500EA3241 /* Frameworks */ = {
			isa = PBXFrameworksBuildPhase;
			buildActionMask = 2147483647;
			files = (
				E818023D3FB5B20878FB30FA /* Pods_Listener.framework in Frameworks */,
			);
			runOnlyForDeploymentPostprocessing = 0;
		};
/* End PBXFrameworksBuildPhase section */

/* Begin PBXGroup section */
		9BC56BD92150B28C63AF8F0C /* Frameworks */ = {
			isa = PBXGroup;
			children = (
				CF19DEB47DEE685644CE4D9F /* Pods_Listener.framework */,
			);
			name = Frameworks;
			sourceTree = "<group>";
		};
		AEC37ADBCE4BC07C02461CC4 /* Pods */ = {
			isa = PBXGroup;
			children = (
				8423ED0E33B24120F8BB7216 /* Pods-Listener.debug.xcconfig */,
				FD172A5B935760A8AD66FA1C /* Pods-Listener.release.xcconfig */,
			);
			path = Pods;
			sourceTree = "<group>";
		};
		BD567D7726C2DCE400082043 /* UI */ = {
			isa = PBXGroup;
			children = (
				BD567D7B26C2DD2E00082043 /* Records List */,
				BD567D7A26C2DD1D00082043 /* Login */,
				BD567D7926C2DD0900082043 /* Addition */,
				BD567D7826C2DCEF00082043 /* Previews */,
			);
			path = UI;
			sourceTree = "<group>";
		};
		BD567D7826C2DCEF00082043 /* Previews */ = {
			isa = PBXGroup;
			children = (
				BDF7C50826BB0A2200E3DE1E /* PreviewsViewController.swift */,
				BDF7C50A26BC105700E3DE1E /* ListPreviewCell.swift */,
			);
			path = Previews;
			sourceTree = "<group>";
		};
		BD567D7926C2DD0900082043 /* Addition */ = {
			isa = PBXGroup;
			children = (
				BDF7C50C26BD49A200E3DE1E /* ListAdditionViewController.swift */,
				BD2ED76726CD4E080076148F /* ExistingListCell.swift */,
			);
			path = Addition;
			sourceTree = "<group>";
		};
		BD567D7A26C2DD1D00082043 /* Login */ = {
			isa = PBXGroup;
			children = (
				BDF7C51026BD776000E3DE1E /* LoginViewController.swift */,
				BD45A6D626CC279F000C7794 /* SignInViewController.swift */,
			);
			path = Login;
			sourceTree = "<group>";
		};
		BD567D7B26C2DD2E00082043 /* Records List */ = {
			isa = PBXGroup;
			children = (
				BD45A6D026CA66C6000C7794 /* ImagePickerDelegate.swift */,
				BD9B00E126BF0D8600453AB2 /* RecordsListViewController.swift */,
				BD567D7C26C2DDC500082043 /* CheckedRecordCell.swift */,
				BD45A6D426CBF263000C7794 /* ImageAlertViewController.swift */,
				BD2ED76926CD7EE00076148F /* UpdateUIDelegate.swift */,
			);
			path = "Records List";
			sourceTree = "<group>";
		};
		BDCBFC3F26B44BE500EA3241 = {
			isa = PBXGroup;
			children = (
				BDCBFC4A26B44BE500EA3241 /* Listener */,
				BDCBFC4926B44BE500EA3241 /* Products */,
				AEC37ADBCE4BC07C02461CC4 /* Pods */,
				9BC56BD92150B28C63AF8F0C /* Frameworks */,
			);
			sourceTree = "<group>";
			usesTabs = 1;
		};
		BDCBFC4926B44BE500EA3241 /* Products */ = {
			isa = PBXGroup;
			children = (
				BDCBFC4826B44BE500EA3241 /* Listener.app */,
			);
			name = Products;
			sourceTree = "<group>";
		};
		BDCBFC4A26B44BE500EA3241 /* Listener */ = {
			isa = PBXGroup;
			children = (
				BD1A17E726C695E400C8738E /* GoogleService-Info.plist */,
				BD567D7726C2DCE400082043 /* UI */,
				BDCBFC6426B44D3100EA3241 /* Model */,
				BDCBFC4B26B44BE500EA3241 /* AppDelegate.swift */,
				BDCBFC4D26B44BE500EA3241 /* SceneDelegate.swift */,
				BDCBFC4F26B44BE500EA3241 /* ViewController.swift */,
				BDCBFC5126B44BE500EA3241 /* Main.storyboard */,
				BDCBFC5726B44BE900EA3241 /* Assets.xcassets */,
				BDCBFC5926B44BE900EA3241 /* LaunchScreen.storyboard */,
				BDCBFC5C26B44BE900EA3241 /* Info.plist */,
			);
			path = Listener;
			sourceTree = "<group>";
		};
		BDCBFC6426B44D3100EA3241 /* Model */ = {
			isa = PBXGroup;
			children = (
				BD420CD026CCE4C700AA9BA0 /* RecordsList+CoreDataProperties.swift */,
				BD567D8126C59D1B00082043 /* RecordsList+CoreDataClass.swift */,
				BDCBFC5426B44BE500EA3241 /* Listener.xcdatamodeld */,
				BDF7C50E26BD6D4900E3DE1E /* Model.swift */,
				BD9B00DF26BF049300453AB2 /* CheckedRecord.swift */,
				BD1A17E926C6B02C00C8738E /* ModelFirebase.swift */,
				BD45A6D826CC2AA5000C7794 /* User.swift */,
			);
			path = Model;
			sourceTree = "<group>";
		};
/* End PBXGroup section */

/* Begin PBXNativeTarget section */
		BDCBFC4726B44BE500EA3241 /* Listener */ = {
			isa = PBXNativeTarget;
			buildConfigurationList = BDCBFC5F26B44BE900EA3241 /* Build configuration list for PBXNativeTarget "Listener" */;
			buildPhases = (
				CC37A1574F90C082A069ABAC /* [CP] Check Pods Manifest.lock */,
				BDCBFC4426B44BE500EA3241 /* Sources */,
				BDCBFC4526B44BE500EA3241 /* Frameworks */,
				BDCBFC4626B44BE500EA3241 /* Resources */,
				6F7B61AFDE7EA948719D18A9 /* [CP] Embed Pods Frameworks */,
			);
			buildRules = (
			);
			dependencies = (
			);
			name = Listener;
			productName = Listener;
			productReference = BDCBFC4826B44BE500EA3241 /* Listener.app */;
			productType = "com.apple.product-type.application";
		};
/* End PBXNativeTarget section */

/* Begin PBXProject section */
		BDCBFC4026B44BE500EA3241 /* Project object */ = {
			isa = PBXProject;
			attributes = {
				LastSwiftUpdateCheck = 1250;
				LastUpgradeCheck = 1250;
				TargetAttributes = {
					BDCBFC4726B44BE500EA3241 = {
						CreatedOnToolsVersion = 12.5.1;
					};
				};
			};
			buildConfigurationList = BDCBFC4326B44BE500EA3241 /* Build configuration list for PBXProject "Listener" */;
			compatibilityVersion = "Xcode 9.3";
			developmentRegion = en;
			hasScannedForEncodings = 0;
			knownRegions = (
				en,
				Base,
			);
			mainGroup = BDCBFC3F26B44BE500EA3241;
			productRefGroup = BDCBFC4926B44BE500EA3241 /* Products */;
			projectDirPath = "";
			projectRoot = "";
			targets = (
				BDCBFC4726B44BE500EA3241 /* Listener */,
			);
		};
/* End PBXProject section */

/* Begin PBXResourcesBuildPhase section */
		BDCBFC4626B44BE500EA3241 /* Resources */ = {
			isa = PBXResourcesBuildPhase;
			buildActionMask = 2147483647;
			files = (
				BDCBFC5B26B44BE900EA3241 /* LaunchScreen.storyboard in Resources */,
				BD1A17E826C695E400C8738E /* GoogleService-Info.plist in Resources */,
				BDCBFC5826B44BE900EA3241 /* Assets.xcassets in Resources */,
				BDCBFC5326B44BE500EA3241 /* Main.storyboard in Resources */,
			);
			runOnlyForDeploymentPostprocessing = 0;
		};
/* End PBXResourcesBuildPhase section */

/* Begin PBXShellScriptBuildPhase section */
		6F7B61AFDE7EA948719D18A9 /* [CP] Embed Pods Frameworks */ = {
			isa = PBXShellScriptBuildPhase;
			buildActionMask = 2147483647;
			files = (
			);
			inputFileListPaths = (
				"${PODS_ROOT}/Target Support Files/Pods-Listener/Pods-Listener-frameworks-${CONFIGURATION}-input-files.xcfilelist",
			);
			name = "[CP] Embed Pods Frameworks";
			outputFileListPaths = (
				"${PODS_ROOT}/Target Support Files/Pods-Listener/Pods-Listener-frameworks-${CONFIGURATION}-output-files.xcfilelist",
			);
			runOnlyForDeploymentPostprocessing = 0;
			shellPath = /bin/sh;
			shellScript = "\"${PODS_ROOT}/Target Support Files/Pods-Listener/Pods-Listener-frameworks.sh\"\n";
			showEnvVarsInLog = 0;
		};
		CC37A1574F90C082A069ABAC /* [CP] Check Pods Manifest.lock */ = {
			isa = PBXShellScriptBuildPhase;
			buildActionMask = 2147483647;
			files = (
			);
			inputFileListPaths = (
			);
			inputPaths = (
				"${PODS_PODFILE_DIR_PATH}/Podfile.lock",
				"${PODS_ROOT}/Manifest.lock",
			);
			name = "[CP] Check Pods Manifest.lock";
			outputFileListPaths = (
			);
			outputPaths = (
				"$(DERIVED_FILE_DIR)/Pods-Listener-checkManifestLockResult.txt",
			);
			runOnlyForDeploymentPostprocessing = 0;
			shellPath = /bin/sh;
			shellScript = "diff \"${PODS_PODFILE_DIR_PATH}/Podfile.lock\" \"${PODS_ROOT}/Manifest.lock\" > /dev/null\nif [ $? != 0 ] ; then\n    # print error to STDERR\n    echo \"error: The sandbox is not in sync with the Podfile.lock. Run 'pod install' or update your CocoaPods installation.\" >&2\n    exit 1\nfi\n# This output is used by Xcode 'outputs' to avoid re-running this script phase.\necho \"SUCCESS\" > \"${SCRIPT_OUTPUT_FILE_0}\"\n";
			showEnvVarsInLog = 0;
		};
/* End PBXShellScriptBuildPhase section */

/* Begin PBXSourcesBuildPhase section */
		BDCBFC4426B44BE500EA3241 /* Sources */ = {
			isa = PBXSourcesBuildPhase;
			buildActionMask = 2147483647;
			files = (
				BD45A6D126CA66C6000C7794 /* ImagePickerDelegate.swift in Sources */,
				BDF7C50F26BD6D4900E3DE1E /* Model.swift in Sources */,
				BDCBFC5026B44BE500EA3241 /* ViewController.swift in Sources */,
				BDCBFC4C26B44BE500EA3241 /* AppDelegate.swift in Sources */,
				BD2ED76826CD4E090076148F /* ExistingListCell.swift in Sources */,
				BD9B00E226BF0D8600453AB2 /* RecordsListViewController.swift in Sources */,
				BDCBFC4E26B44BE500EA3241 /* SceneDelegate.swift in Sources */,
				BD9B00E026BF049300453AB2 /* CheckedRecord.swift in Sources */,
				BDF7C50D26BD49A200E3DE1E /* ListAdditionViewController.swift in Sources */,
				BDCBFC5626B44BE500EA3241 /* Listener.xcdatamodeld in Sources */,
				BD567D8326C59D1B00082043 /* RecordsList+CoreDataClass.swift in Sources */,
				BD45A6D526CBF26C000C7794 /* ImageAlertViewController.swift in Sources */,
				BDF7C50B26BC105700E3DE1E /* ListPreviewCell.swift in Sources */,
				BD2ED76A26CD7EE10076148F /* UpdateUIDelegate.swift in Sources */,
				BDF7C51126BD776000E3DE1E /* LoginViewController.swift in Sources */,
				BD45A6D726CC279F000C7794 /* SignInViewController.swift in Sources */,
				BDF7C50926BB0A2200E3DE1E /* PreviewsViewController.swift in Sources */,
				BD420CD126CCE4C700AA9BA0 /* RecordsList+CoreDataProperties.swift in Sources */,
				BD1A17EA26C6B02C00C8738E /* ModelFirebase.swift in Sources */,
				BD567D7D26C2DDC500082043 /* CheckedRecordCell.swift in Sources */,
				BD45A6D926CC2AA5000C7794 /* User.swift in Sources */,
			);
			runOnlyForDeploymentPostprocessing = 0;
		};
/* End PBXSourcesBuildPhase section */

/* Begin PBXVariantGroup section */
		BDCBFC5126B44BE500EA3241 /* Main.storyboard */ = {
			isa = PBXVariantGroup;
			children = (
				BDCBFC5226B44BE500EA3241 /* Base */,
			);
			name = Main.storyboard;
			sourceTree = "<group>";
		};
		BDCBFC5926B44BE900EA3241 /* LaunchScreen.storyboard */ = {
			isa = PBXVariantGroup;
			children = (
				BDCBFC5A26B44BE900EA3241 /* Base */,
			);
			name = LaunchScreen.storyboard;
			sourceTree = "<group>";
		};
/* End PBXVariantGroup section */

/* Begin XCBuildConfiguration section */
		BDCBFC5D26B44BE900EA3241 /* Debug */ = {
			isa = XCBuildConfiguration;
			buildSettings = {
				ALWAYS_SEARCH_USER_PATHS = NO;
				CLANG_ANALYZER_NONNULL = YES;
				CLANG_ANALYZER_NUMBER_OBJECT_CONVERSION = YES_AGGRESSIVE;
				CLANG_CXX_LANGUAGE_STANDARD = "gnu++14";
				CLANG_CXX_LIBRARY = "libc++";
				CLANG_ENABLE_MODULES = YES;
				CLANG_ENABLE_OBJC_ARC = YES;
				CLANG_ENABLE_OBJC_WEAK = YES;
				CLANG_WARN_BLOCK_CAPTURE_AUTORELEASING = YES;
				CLANG_WARN_BOOL_CONVERSION = YES;
				CLANG_WARN_COMMA = YES;
				CLANG_WARN_CONSTANT_CONVERSION = YES;
				CLANG_WARN_DEPRECATED_OBJC_IMPLEMENTATIONS = YES;
				CLANG_WARN_DIRECT_OBJC_ISA_USAGE = YES_ERROR;
				CLANG_WARN_DOCUMENTATION_COMMENTS = YES;
				CLANG_WARN_EMPTY_BODY = YES;
				CLANG_WARN_ENUM_CONVERSION = YES;
				CLANG_WARN_INFINITE_RECURSION = YES;
				CLANG_WARN_INT_CONVERSION = YES;
				CLANG_WARN_NON_LITERAL_NULL_CONVERSION = YES;
				CLANG_WARN_OBJC_IMPLICIT_RETAIN_SELF = YES;
				CLANG_WARN_OBJC_LITERAL_CONVERSION = YES;
				CLANG_WARN_OBJC_ROOT_CLASS = YES_ERROR;
				CLANG_WARN_QUOTED_INCLUDE_IN_FRAMEWORK_HEADER = YES;
				CLANG_WARN_RANGE_LOOP_ANALYSIS = YES;
				CLANG_WARN_STRICT_PROTOTYPES = YES;
				CLANG_WARN_SUSPICIOUS_MOVE = YES;
				CLANG_WARN_UNGUARDED_AVAILABILITY = YES_AGGRESSIVE;
				CLANG_WARN_UNREACHABLE_CODE = YES;
				CLANG_WARN__DUPLICATE_METHOD_MATCH = YES;
				COPY_PHASE_STRIP = NO;
				DEBUG_INFORMATION_FORMAT = dwarf;
				ENABLE_STRICT_OBJC_MSGSEND = YES;
				ENABLE_TESTABILITY = YES;
				GCC_C_LANGUAGE_STANDARD = gnu11;
				GCC_DYNAMIC_NO_PIC = NO;
				GCC_NO_COMMON_BLOCKS = YES;
				GCC_OPTIMIZATION_LEVEL = 0;
				GCC_PREPROCESSOR_DEFINITIONS = (
					"DEBUG=1",
					"$(inherited)",
				);
				GCC_WARN_64_TO_32_BIT_CONVERSION = YES;
				GCC_WARN_ABOUT_RETURN_TYPE = YES_ERROR;
				GCC_WARN_UNDECLARED_SELECTOR = YES;
				GCC_WARN_UNINITIALIZED_AUTOS = YES_AGGRESSIVE;
				GCC_WARN_UNUSED_FUNCTION = YES;
				GCC_WARN_UNUSED_VARIABLE = YES;
				IPHONEOS_DEPLOYMENT_TARGET = 14.5;
				MTL_ENABLE_DEBUG_INFO = INCLUDE_SOURCE;
				MTL_FAST_MATH = YES;
				ONLY_ACTIVE_ARCH = YES;
				SDKROOT = iphoneos;
				SWIFT_ACTIVE_COMPILATION_CONDITIONS = DEBUG;
				SWIFT_OPTIMIZATION_LEVEL = "-Onone";
			};
			name = Debug;
		};
		BDCBFC5E26B44BE900EA3241 /* Release */ = {
			isa = XCBuildConfiguration;
			buildSettings = {
				ALWAYS_SEARCH_USER_PATHS = NO;
				CLANG_ANALYZER_NONNULL = YES;
				CLANG_ANALYZER_NUMBER_OBJECT_CONVERSION = YES_AGGRESSIVE;
				CLANG_CXX_LANGUAGE_STANDARD = "gnu++14";
				CLANG_CXX_LIBRARY = "libc++";
				CLANG_ENABLE_MODULES = YES;
				CLANG_ENABLE_OBJC_ARC = YES;
				CLANG_ENABLE_OBJC_WEAK = YES;
				CLANG_WARN_BLOCK_CAPTURE_AUTORELEASING = YES;
				CLANG_WARN_BOOL_CONVERSION = YES;
				CLANG_WARN_COMMA = YES;
				CLANG_WARN_CONSTANT_CONVERSION = YES;
				CLANG_WARN_DEPRECATED_OBJC_IMPLEMENTATIONS = YES;
				CLANG_WARN_DIRECT_OBJC_ISA_USAGE = YES_ERROR;
				CLANG_WARN_DOCUMENTATION_COMMENTS = YES;
				CLANG_WARN_EMPTY_BODY = YES;
				CLANG_WARN_ENUM_CONVERSION = YES;
				CLANG_WARN_INFINITE_RECURSION = YES;
				CLANG_WARN_INT_CONVERSION = YES;
				CLANG_WARN_NON_LITERAL_NULL_CONVERSION = YES;
				CLANG_WARN_OBJC_IMPLICIT_RETAIN_SELF = YES;
				CLANG_WARN_OBJC_LITERAL_CONVERSION = YES;
				CLANG_WARN_OBJC_ROOT_CLASS = YES_ERROR;
				CLANG_WARN_QUOTED_INCLUDE_IN_FRAMEWORK_HEADER = YES;
				CLANG_WARN_RANGE_LOOP_ANALYSIS = YES;
				CLANG_WARN_STRICT_PROTOTYPES = YES;
				CLANG_WARN_SUSPICIOUS_MOVE = YES;
				CLANG_WARN_UNGUARDED_AVAILABILITY = YES_AGGRESSIVE;
				CLANG_WARN_UNREACHABLE_CODE = YES;
				CLANG_WARN__DUPLICATE_METHOD_MATCH = YES;
				COPY_PHASE_STRIP = NO;
				DEBUG_INFORMATION_FORMAT = "dwarf-with-dsym";
				ENABLE_NS_ASSERTIONS = NO;
				ENABLE_STRICT_OBJC_MSGSEND = YES;
				GCC_C_LANGUAGE_STANDARD = gnu11;
				GCC_NO_COMMON_BLOCKS = YES;
				GCC_WARN_64_TO_32_BIT_CONVERSION = YES;
				GCC_WARN_ABOUT_RETURN_TYPE = YES_ERROR;
				GCC_WARN_UNDECLARED_SELECTOR = YES;
				GCC_WARN_UNINITIALIZED_AUTOS = YES_AGGRESSIVE;
				GCC_WARN_UNUSED_FUNCTION = YES;
				GCC_WARN_UNUSED_VARIABLE = YES;
				IPHONEOS_DEPLOYMENT_TARGET = 14.5;
				MTL_ENABLE_DEBUG_INFO = NO;
				MTL_FAST_MATH = YES;
				SDKROOT = iphoneos;
				SWIFT_COMPILATION_MODE = wholemodule;
				SWIFT_OPTIMIZATION_LEVEL = "-O";
				VALIDATE_PRODUCT = YES;
			};
			name = Release;
		};
		BDCBFC6026B44BE900EA3241 /* Debug */ = {
			isa = XCBuildConfiguration;
			baseConfigurationReference = 8423ED0E33B24120F8BB7216 /* Pods-Listener.debug.xcconfig */;
			buildSettings = {
				ASSETCATALOG_COMPILER_APPICON_NAME = AppIcon;
				ASSETCATALOG_COMPILER_GLOBAL_ACCENT_COLOR_NAME = AccentColor;
				CODE_SIGN_STYLE = Automatic;
				DEVELOPMENT_TEAM = 2WU7AH9ATK;
				INFOPLIST_FILE = Listener/Info.plist;
				IPHONEOS_DEPLOYMENT_TARGET = 15.0;
				LD_RUNPATH_SEARCH_PATHS = (
					"$(inherited)",
					"@executable_path/Frameworks",
				);
				PRODUCT_BUNDLE_IDENTIFIER = com.gy.Listener;
				PRODUCT_NAME = "$(TARGET_NAME)";
				SWIFT_VERSION = 5.0;
				TARGETED_DEVICE_FAMILY = "1,2";
			};
			name = Debug;
		};
		BDCBFC6126B44BE900EA3241 /* Release */ = {
			isa = XCBuildConfiguration;
			baseConfigurationReference = FD172A5B935760A8AD66FA1C /* Pods-Listener.release.xcconfig */;
			buildSettings = {
				ASSETCATALOG_COMPILER_APPICON_NAME = AppIcon;
				ASSETCATALOG_COMPILER_GLOBAL_ACCENT_COLOR_NAME = AccentColor;
				CODE_SIGN_STYLE = Automatic;
				DEVELOPMENT_TEAM = 2WU7AH9ATK;
				INFOPLIST_FILE = Listener/Info.plist;
				IPHONEOS_DEPLOYMENT_TARGET = 15.0;
				LD_RUNPATH_SEARCH_PATHS = (
					"$(inherited)",
					"@executable_path/Frameworks",
				);
				PRODUCT_BUNDLE_IDENTIFIER = com.gy.Listener;
				PRODUCT_NAME = "$(TARGET_NAME)";
				SWIFT_VERSION = 5.0;
				TARGETED_DEVICE_FAMILY = "1,2";
			};
			name = Release;
		};
/* End XCBuildConfiguration section */

/* Begin XCConfigurationList section */
		BDCBFC4326B44BE500EA3241 /* Build configuration list for PBXProject "Listener" */ = {
			isa = XCConfigurationList;
			buildConfigurations = (
				BDCBFC5D26B44BE900EA3241 /* Debug */,
				BDCBFC5E26B44BE900EA3241 /* Release */,
			);
			defaultConfigurationIsVisible = 0;
			defaultConfigurationName = Release;
		};
		BDCBFC5F26B44BE900EA3241 /* Build configuration list for PBXNativeTarget "Listener" */ = {
			isa = XCConfigurationList;
			buildConfigurations = (
				BDCBFC6026B44BE900EA3241 /* Debug */,
				BDCBFC6126B44BE900EA3241 /* Release */,
			);
			defaultConfigurationIsVisible = 0;
			defaultConfigurationName = Release;
		};
/* End XCConfigurationList section */

/* Begin XCVersionGroup section */
		BDCBFC5426B44BE500EA3241 /* Listener.xcdatamodeld */ = {
			isa = XCVersionGroup;
			children = (
				BDCBFC5526B44BE500EA3241 /* Listener.xcdatamodel */,
			);
			currentVersion = BDCBFC5526B44BE500EA3241 /* Listener.xcdatamodel */;
			path = Listener.xcdatamodeld;
			sourceTree = "<group>";
			versionGroupType = wrapper.xcdatamodel;
		};
/* End XCVersionGroup section */
	};
	rootObject = BDCBFC4026B44BE500EA3241 /* Project object */;
}
